
Microsoft Visual Studio Solution File, Format Version 12.00
# Visual Studio Version 16
VisualStudioVersion = 16.0.29306.81
MinimumVisualStudioVersion = 10.0.40219.1
Project("{FAE04EC0-301F-11D3-BF4B-00C04F79EFBC}") = "Registros", "Registros\Registros.csproj", "{CECD9197-FD4B-434E-99FE-4AB4712F13A9}"
EndProject
Global
	GlobalSection(SolutionConfigurationPlatforms) = preSolution
		Debug|Any CPU = Debug|Any CPU
		Release|Any CPU = Release|Any CPU
	EndGlobalSection
	GlobalSection(ProjectConfigurationPlatforms) = postSolution
		{CECD9197-FD4B-434E-99FE-4AB4712F13A9}.Debug|Any CPU.ActiveCfg = Debug|Any CPU
		{CECD9197-FD4B-434E-99FE-4AB4712F13A9}.Debug|Any CPU.Build.0 = Debug|Any CPU
		{CECD9197-FD4B-434E-99FE-4AB4712F13A9}.Release|Any CPU.ActiveCfg = Release|Any CPU
		{CECD9197-FD4B-434E-99FE-4AB4712F13A9}.Release|Any CPU.Build.0 = Release|Any CPU
	EndGlobalSection
	GlobalSection(SolutionProperties) = preSolution
		HideSolutionNode = FALSE
	EndGlobalSection
	GlobalSection(ExtensibilityGlobals) = postSolution
		SolutionGuid = {252D06E7-AC04-4E12-AC70-C9B7E65C0541}
	EndGlobalSection
EndGlobal
